
Microsoft Visual Studio Solution File, Format Version 12.00
# Visual Studio 15
VisualStudioVersion = 15.0.28307.852
MinimumVisualStudioVersion = 10.0.40219.1
Project("{FAE04EC0-301F-11D3-BF4B-00C04F79EFBC}") = "GetGCPResource", "GetGCPResource\GetGCPResource.csproj", "{4E556189-E2D7-46EE-A9AE-B5E6838ADAD8}"
EndProject
Project("{FAE04EC0-301F-11D3-BF4B-00C04F79EFBC}") = "GetGCPResourceClient", "GetGCPResourceClient\GetGCPResourceClient.csproj", "{B0AA9774-9A3D-43C7-A748-14A6DF33C715}"
EndProject
Global
	GlobalSection(SolutionConfigurationPlatforms) = preSolution
		Debug|Any CPU = Debug|Any CPU
		Release|Any CPU = Release|Any CPU
	EndGlobalSection
	GlobalSection(ProjectConfigurationPlatforms) = postSolution
		{4E556189-E2D7-46EE-A9AE-B5E6838ADAD8}.Debug|Any CPU.ActiveCfg = Debug|Any CPU
		{4E556189-E2D7-46EE-A9AE-B5E6838ADAD8}.Debug|Any CPU.Build.0 = Debug|Any CPU
		{4E556189-E2D7-46EE-A9AE-B5E6838ADAD8}.Release|Any CPU.ActiveCfg = Release|Any CPU
		{4E556189-E2D7-46EE-A9AE-B5E6838ADAD8}.Release|Any CPU.Build.0 = Release|Any CPU
		{B0AA9774-9A3D-43C7-A748-14A6DF33C715}.Debug|Any CPU.ActiveCfg = Debug|Any CPU
		{B0AA9774-9A3D-43C7-A748-14A6DF33C715}.Debug|Any CPU.Build.0 = Debug|Any CPU
		{B0AA9774-9A3D-43C7-A748-14A6DF33C715}.Release|Any CPU.ActiveCfg = Release|Any CPU
		{B0AA9774-9A3D-43C7-A748-14A6DF33C715}.Release|Any CPU.Build.0 = Release|Any CPU
	EndGlobalSection
	GlobalSection(SolutionProperties) = preSolution
		HideSolutionNode = FALSE
	EndGlobalSection
	GlobalSection(ExtensibilityGlobals) = postSolution
		SolutionGuid = {F3223DE3-1ADB-44F6-931D-05BD1A099ED9}
	EndGlobalSection
EndGlobal
